
Microsoft Visual Studio Solution File, Format Version 12.00
# Visual Studio 15
VisualStudioVersion = 15.0.27703.2042
MinimumVisualStudioVersion = 10.0.40219.1
Project("{9A19103F-16F7-4668-BE54-9A1E7A4F7556}") = "TripleS.NET", "TripleS.NET\TripleS.NET.csproj", "{4504E268-B6E9-4913-A762-3C7DE52DB53B}"
EndProject
Project("{9A19103F-16F7-4668-BE54-9A1E7A4F7556}") = "TripleS.Tests", "TripleS.Tests\TripleS.Tests.csproj", "{0FBE01C8-3CEE-4DA8-99B7-8804E2BBC553}"
EndProject
Project("{FAE04EC0-301F-11D3-BF4B-00C04F79EFBC}") = "TripleS.Validate", "TripleS.Validate\TripleS.Validate.csproj", "{79C9CE6B-17DB-47B9-BBBA-AD10C46560FF}"
EndProject
Global
	GlobalSection(SolutionConfigurationPlatforms) = preSolution
		Debug|Any CPU = Debug|Any CPU
		Release|Any CPU = Release|Any CPU
	EndGlobalSection
	GlobalSection(ProjectConfigurationPlatforms) = postSolution
		{4504E268-B6E9-4913-A762-3C7DE52DB53B}.Debug|Any CPU.ActiveCfg = Debug|Any CPU
		{4504E268-B6E9-4913-A762-3C7DE52DB53B}.Debug|Any CPU.Build.0 = Debug|Any CPU
		{4504E268-B6E9-4913-A762-3C7DE52DB53B}.Release|Any CPU.ActiveCfg = Release|Any CPU
		{4504E268-B6E9-4913-A762-3C7DE52DB53B}.Release|Any CPU.Build.0 = Release|Any CPU
		{0FBE01C8-3CEE-4DA8-99B7-8804E2BBC553}.Debug|Any CPU.ActiveCfg = Debug|Any CPU
		{0FBE01C8-3CEE-4DA8-99B7-8804E2BBC553}.Debug|Any CPU.Build.0 = Debug|Any CPU
		{0FBE01C8-3CEE-4DA8-99B7-8804E2BBC553}.Release|Any CPU.ActiveCfg = Release|Any CPU
		{0FBE01C8-3CEE-4DA8-99B7-8804E2BBC553}.Release|Any CPU.Build.0 = Release|Any CPU
		{79C9CE6B-17DB-47B9-BBBA-AD10C46560FF}.Debug|Any CPU.ActiveCfg = Debug|Any CPU
		{79C9CE6B-17DB-47B9-BBBA-AD10C46560FF}.Debug|Any CPU.Build.0 = Debug|Any CPU
		{79C9CE6B-17DB-47B9-BBBA-AD10C46560FF}.Release|Any CPU.ActiveCfg = Release|Any CPU
		{79C9CE6B-17DB-47B9-BBBA-AD10C46560FF}.Release|Any CPU.Build.0 = Release|Any CPU
	EndGlobalSection
	GlobalSection(SolutionProperties) = preSolution
		HideSolutionNode = FALSE
	EndGlobalSection
	GlobalSection(ExtensibilityGlobals) = postSolution
		SolutionGuid = {6E64F1BC-18E4-401E-887D-ECE63C4F8292}
	EndGlobalSection
EndGlobal
